PODS:
  - Alamofire (3.4.2)
  - AlamofireJsonToObjects (1.6.0):
    - Alamofire
    - EVReflection
  - AliyunOSSiOS (2.5.2)
  - EVReflection (2.46.0)
  - LTMorphingLabel (0.2.1)
  - MBProgressHUD (1.0.0)
  - MJRefresh (3.1.12)
  - UMengAnalytics (4.1.0)
  - Vivid (0.8)
  - YUCIHighPassSkinSmoothing (1.4):
    - Vivid

DEPENDENCIES:
  - Alamofire
  - AlamofireJsonToObjects
  - AliyunOSSiOS
  - EVReflection
  - LTMorphingLabel
  - MBProgressHUD
  - MJRefresh
  - UMengAnalytics
  - YUCIHighPassSkinSmoothing

SPEC CHECKSUMS:
  Alamofire: 6aa33201d20d069e1598891cf928883ff1888c7a
  AlamofireJsonToObjects: e5155c1c58493c44d7ebe56bbb1aa65d95e82c68
  AliyunOSSiOS: 146e2766bf73df9c9f645de6f2d8a92ceb7c8be4
  EVReflection: 17b377f0dd86a0f6ceccab574d0e22962a2f107e
  LTMorphingLabel: 1858358ea38ef4d548e1f58b648b0d08ec3a62ed
  MBProgressHUD: 4890f671c94e8a0f3cf959aa731e9de2f036d71a
  MJRefresh: b96cdb21c4aa75a7b07654311ab2f315c497e806
  UMengAnalytics: 19b28253793d77dff10fb7d502faad1fb6b8ce4a
  Vivid: 65d28aba89fc750fceda8172c8b233f27d0ac18b
  YUCIHighPassSkinSmoothing: 8418fd1bf605ec22b647c57745b863b352f72097

PODFILE CHECKSUM: 4b6a4322ca1b2568f084edf62b40280d6e1a3c18

COCOAPODS: 1.0.1
